
Microsoft Visual Studio Solution File, Format Version 12.00
# Visual Studio 15
VisualStudioVersion = 15.0.26430.15
MinimumVisualStudioVersion = 10.0.40219.1
Project("{9A19103F-16F7-4668-BE54-9A1E7A4F7556}") = "Obsidian.MessageNode", "Server\Obsidian.MessageNode\Obsidian.MessageNode.csproj", "{D879EF40-14A5-411C-B24E-F0089D52244F}"
EndProject
Project("{9A19103F-16F7-4668-BE54-9A1E7A4F7556}") = "Obsidian.Cryptography", "Common\Cryptography\Obsidian.Cryptography\Obsidian.Cryptography.csproj", "{769E80DB-A46B-473A-962E-4D74C9F9CE12}"
EndProject
Project("{9A19103F-16F7-4668-BE54-9A1E7A4F7556}") = "Obsidian.Cryptography.NetStandard", "Common\Cryptography\Obsidian.Cryptography.NetStandard\Obsidian.Cryptography.NetStandard.csproj", "{E40358EF-CCCE-4BD3-8B7D-7C9D8A525A07}"
EndProject
Project("{9A19103F-16F7-4668-BE54-9A1E7A4F7556}") = "Obsidian.MessageNode.Core", "Server\Obsidian.MessageNode.Core\Obsidian.MessageNode.Core.csproj", "{96B6DD59-34D6-4C33-8AF1-2E770ECD24E1}"
EndProject
Project("{9A19103F-16F7-4668-BE54-9A1E7A4F7556}") = "Obsidian.Common", "Common\ApplicationLogic\Obsidian.Common\Obsidian.Common.csproj", "{6272B2DE-FA0C-40C9-9B61-666370F96B91}"
EndProject
Project("{9A19103F-16F7-4668-BE54-9A1E7A4F7556}") = "Obsidian.Applications", "Common\ApplicationLogic\Obsidian.Applications\Obsidian.Applications.csproj", "{8FB73D96-19C1-4354-B31A-E0BB51F4E60A}"
EndProject
Project("{9A19103F-16F7-4668-BE54-9A1E7A4F7556}") = "Obsidian.Applications.Mvvm", "Common\ApplicationLogic\Obsidian.Applications.Mvvm\Obsidian.Applications.Mvvm.csproj", "{E0124008-8372-4E8D-AA62-F66F268E5D89}"
EndProject
Project("{2150E333-8FDC-42A3-9474-1A3956D46DE8}") = "Common", "Common", "{666A06C0-89D8-4A20-8461-4A5184B2860D}"
EndProject
Project("{2150E333-8FDC-42A3-9474-1A3956D46DE8}") = "ApplicationLogic", "ApplicationLogic", "{A42B333F-7794-4882-A124-0F681F9E50F0}"
EndProject
Project("{2150E333-8FDC-42A3-9474-1A3956D46DE8}") = "Cryptography", "Cryptography", "{13E77EF9-B816-43BD-8E8D-723A53823F5F}"
EndProject
Project("{2150E333-8FDC-42A3-9474-1A3956D46DE8}") = "Server", "Server", "{ECD1199D-7A2D-444E-A6BA-5A1C22FC3686}"
EndProject
Project("{2150E333-8FDC-42A3-9474-1A3956D46DE8}") = "Windows_Universal", "Windows_Universal", "{B9DCD1C5-69EA-4A9E-B1F1-704D4B968F45}"
EndProject
Project("{FAE04EC0-301F-11D3-BF4B-00C04F79EFBC}") = "Obsidian.UWP.Core", "Windows_Universal\Obsidian.UWP.Core\Obsidian.UWP.Core.csproj", "{1752C00D-5D33-419C-8EC5-0C6F192B4685}"
EndProject
Project("{FAE04EC0-301F-11D3-BF4B-00C04F79EFBC}") = "Obsidian.UWP", "Windows_Universal\Obsidian.UWP\Obsidian.UWP.csproj", "{B68E4055-F330-43A2-91AF-B107670A4D37}"
EndProject
Project("{FAE04EC0-301F-11D3-BF4B-00C04F79EFBC}") = "Obsidian.UWP.TestClient", "Windows_Universal\App1\Obsidian.UWP.TestClient.csproj", "{8752A0C6-5500-4A4E-8CF8-8ABBE2BF5DFE}"
EndProject
Global
	GlobalSection(SolutionConfigurationPlatforms) = preSolution
		Debug|Any CPU = Debug|Any CPU
		Debug|ARM = Debug|ARM
		Debug|x64 = Debug|x64
		Debug|x86 = Debug|x86
		Release|Any CPU = Release|Any CPU
		Release|ARM = Release|ARM
		Release|x64 = Release|x64
		Release|x86 = Release|x86
	EndGlobalSection
	GlobalSection(ProjectConfigurationPlatforms) = postSolution
		{D879EF40-14A5-411C-B24E-F0089D52244F}.Debug|Any CPU.ActiveCfg = Debug|Any CPU
		{D879EF40-14A5-411C-B24E-F0089D52244F}.Debug|Any CPU.Build.0 = Debug|Any CPU
		{D879EF40-14A5-411C-B24E-F0089D52244F}.Debug|ARM.ActiveCfg = Debug|Any CPU
		{D879EF40-14A5-411C-B24E-F0089D52244F}.Debug|ARM.Build.0 = Debug|Any CPU
		{D879EF40-14A5-411C-B24E-F0089D52244F}.Debug|x64.ActiveCfg = Debug|Any CPU
		{D879EF40-14A5-411C-B24E-F0089D52244F}.Debug|x64.Build.0 = Debug|Any CPU
		{D879EF40-14A5-411C-B24E-F0089D52244F}.Debug|x86.ActiveCfg = Debug|Any CPU
		{D879EF40-14A5-411C-B24E-F0089D52244F}.Debug|x86.Build.0 = Debug|Any CPU
		{D879EF40-14A5-411C-B24E-F0089D52244F}.Release|Any CPU.ActiveCfg = Release|Any CPU
		{D879EF40-14A5-411C-B24E-F0089D52244F}.Release|Any CPU.Build.0 = Release|Any CPU
		{D879EF40-14A5-411C-B24E-F0089D52244F}.Release|ARM.ActiveCfg = Release|Any CPU
		{D879EF40-14A5-411C-B24E-F0089D52244F}.Release|ARM.Build.0 = Release|Any CPU
		{D879EF40-14A5-411C-B24E-F0089D52244F}.Release|x64.ActiveCfg = Release|Any CPU
		{D879EF40-14A5-411C-B24E-F0089D52244F}.Release|x64.Build.0 = Release|Any CPU
		{D879EF40-14A5-411C-B24E-F0089D52244F}.Release|x86.ActiveCfg = Release|Any CPU
		{D879EF40-14A5-411C-B24E-F0089D52244F}.Release|x86.Build.0 = Release|Any CPU
		{769E80DB-A46B-473A-962E-4D74C9F9CE12}.Debug|Any CPU.ActiveCfg = Debug|Any CPU
		{769E80DB-A46B-473A-962E-4D74C9F9CE12}.Debug|Any CPU.Build.0 = Debug|Any CPU
		{769E80DB-A46B-473A-962E-4D74C9F9CE12}.Debug|ARM.ActiveCfg = Debug|Any CPU
		{769E80DB-A46B-473A-962E-4D74C9F9CE12}.Debug|ARM.Build.0 = Debug|Any CPU
		{769E80DB-A46B-473A-962E-4D74C9F9CE12}.Debug|x64.ActiveCfg = Debug|Any CPU
		{769E80DB-A46B-473A-962E-4D74C9F9CE12}.Debug|x64.Build.0 = Debug|Any CPU
		{769E80DB-A46B-473A-962E-4D74C9F9CE12}.Debug|x86.ActiveCfg = Debug|Any CPU
		{769E80DB-A46B-473A-962E-4D74C9F9CE12}.Debug|x86.Build.0 = Debug|Any CPU
		{769E80DB-A46B-473A-962E-4D74C9F9CE12}.Release|Any CPU.ActiveCfg = Release|Any CPU
		{769E80DB-A46B-473A-962E-4D74C9F9CE12}.Release|Any CPU.Build.0 = Release|Any CPU
		{769E80DB-A46B-473A-962E-4D74C9F9CE12}.Release|ARM.ActiveCfg = Release|Any CPU
		{769E80DB-A46B-473A-962E-4D74C9F9CE12}.Release|ARM.Build.0 = Release|Any CPU
		{769E80DB-A46B-473A-962E-4D74C9F9CE12}.Release|x64.ActiveCfg = Release|Any CPU
		{769E80DB-A46B-473A-962E-4D74C9F9CE12}.Release|x64.Build.0 = Release|Any CPU
		{769E80DB-A46B-473A-962E-4D74C9F9CE12}.Release|x86.ActiveCfg = Release|Any CPU
		{769E80DB-A46B-473A-962E-4D74C9F9CE12}.Release|x86.Build.0 = Release|Any CPU
		{E40358EF-CCCE-4BD3-8B7D-7C9D8A525A07}.Debug|Any CPU.ActiveCfg = Debug|Any CPU
		{E40358EF-CCCE-4BD3-8B7D-7C9D8A525A07}.Debug|Any CPU.Build.0 = Debug|Any CPU
		{E40358EF-CCCE-4BD3-8B7D-7C9D8A525A07}.Debug|ARM.ActiveCfg = Debug|Any CPU
		{E40358EF-CCCE-4BD3-8B7D-7C9D8A525A07}.Debug|ARM.Build.0 = Debug|Any CPU
		{E40358EF-CCCE-4BD3-8B7D-7C9D8A525A07}.Debug|x64.ActiveCfg = Debug|Any CPU
		{E40358EF-CCCE-4BD3-8B7D-7C9D8A525A07}.Debug|x64.Build.0 = Debug|Any CPU
		{E40358EF-CCCE-4BD3-8B7D-7C9D8A525A07}.Debug|x86.ActiveCfg = Debug|Any CPU
		{E40358EF-CCCE-4BD3-8B7D-7C9D8A525A07}.Debug|x86.Build.0 = Debug|Any CPU
		{E40358EF-CCCE-4BD3-8B7D-7C9D8A525A07}.Release|Any CPU.ActiveCfg = Release|Any CPU
		{E40358EF-CCCE-4BD3-8B7D-7C9D8A525A07}.Release|Any CPU.Build.0 = Release|Any CPU
		{E40358EF-CCCE-4BD3-8B7D-7C9D8A525A07}.Release|ARM.ActiveCfg = Release|Any CPU
		{E40358EF-CCCE-4BD3-8B7D-7C9D8A525A07}.Release|ARM.Build.0 = Release|Any CPU
		{E40358EF-CCCE-4BD3-8B7D-7C9D8A525A07}.Release|x64.ActiveCfg = Release|Any CPU
		{E40358EF-CCCE-4BD3-8B7D-7C9D8A525A07}.Release|x64.Build.0 = Release|Any CPU
		{E40358EF-CCCE-4BD3-8B7D-7C9D8A525A07}.Release|x86.ActiveCfg = Release|Any CPU
		{E40358EF-CCCE-4BD3-8B7D-7C9D8A525A07}.Release|x86.Build.0 = Release|Any CPU
		{96B6DD59-34D6-4C33-8AF1-2E770ECD24E1}.Debug|Any CPU.ActiveCfg = Debug|Any CPU
		{96B6DD59-34D6-4C33-8AF1-2E770ECD24E1}.Debug|Any CPU.Build.0 = Debug|Any CPU
		{96B6DD59-34D6-4C33-8AF1-2E770ECD24E1}.Debug|ARM.ActiveCfg = Debug|Any CPU
		{96B6DD59-34D6-4C33-8AF1-2E770ECD24E1}.Debug|ARM.Build.0 = Debug|Any CPU
		{96B6DD59-34D6-4C33-8AF1-2E770ECD24E1}.Debug|x64.ActiveCfg = Debug|Any CPU
		{96B6DD59-34D6-4C33-8AF1-2E770ECD24E1}.Debug|x64.Build.0 = Debug|Any CPU
		{96B6DD59-34D6-4C33-8AF1-2E770ECD24E1}.Debug|x86.ActiveCfg = Debug|Any CPU
		{96B6DD59-34D6-4C33-8AF1-2E770ECD24E1}.Debug|x86.Build.0 = Debug|Any CPU
		{96B6DD59-34D6-4C33-8AF1-2E770ECD24E1}.Release|Any CPU.ActiveCfg = Release|Any CPU
		{96B6DD59-34D6-4C33-8AF1-2E770ECD24E1}.Release|Any CPU.Build.0 = Release|Any CPU
		{96B6DD59-34D6-4C33-8AF1-2E770ECD24E1}.Release|ARM.ActiveCfg = Release|Any CPU
		{96B6DD59-34D6-4C33-8AF1-2E770ECD24E1}.Release|ARM.Build.0 = Release|Any CPU
		{96B6DD59-34D6-4C33-8AF1-2E770ECD24E1}.Release|x64.ActiveCfg = Release|Any CPU
		{96B6DD59-34D6-4C33-8AF1-2E770ECD24E1}.Release|x64.Build.0 = Release|Any CPU
		{96B6DD59-34D6-4C33-8AF1-2E770ECD24E1}.Release|x86.ActiveCfg = Release|Any CPU
		{96B6DD59-34D6-4C33-8AF1-2E770ECD24E1}.Release|x86.Build.0 = Release|Any CPU
		{6272B2DE-FA0C-40C9-9B61-666370F96B91}.Debug|Any CPU.ActiveCfg = Debug|Any CPU
		{6272B2DE-FA0C-40C9-9B61-666370F96B91}.Debug|Any CPU.Build.0 = Debug|Any CPU
		{6272B2DE-FA0C-40C9-9B61-666370F96B91}.Debug|ARM.ActiveCfg = Debug|Any CPU
		{6272B2DE-FA0C-40C9-9B61-666370F96B91}.Debug|ARM.Build.0 = Debug|Any CPU
		{6272B2DE-FA0C-40C9-9B61-666370F96B91}.Debug|x64.ActiveCfg = Debug|Any CPU
		{6272B2DE-FA0C-40C9-9B61-666370F96B91}.Debug|x64.Build.0 = Debug|Any CPU
		{6272B2DE-FA0C-40C9-9B61-666370F96B91}.Debug|x86.ActiveCfg = Debug|Any CPU
		{6272B2DE-FA0C-40C9-9B61-666370F96B91}.Debug|x86.Build.0 = Debug|Any CPU
		{6272B2DE-FA0C-40C9-9B61-666370F96B91}.Release|Any CPU.ActiveCfg = Release|Any CPU
		{6272B2DE-FA0C-40C9-9B61-666370F96B91}.Release|Any CPU.Build.0 = Release|Any CPU
		{6272B2DE-FA0C-40C9-9B61-666370F96B91}.Release|ARM.ActiveCfg = Release|Any CPU
		{6272B2DE-FA0C-40C9-9B61-666370F96B91}.Release|ARM.Build.0 = Release|Any CPU
		{6272B2DE-FA0C-40C9-9B61-666370F96B91}.Release|x64.ActiveCfg = Release|Any CPU
		{6272B2DE-FA0C-40C9-9B61-666370F96B91}.Release|x64.Build.0 = Release|Any CPU
		{6272B2DE-FA0C-40C9-9B61-666370F96B91}.Release|x86.ActiveCfg = Release|Any CPU
		{6272B2DE-FA0C-40C9-9B61-666370F96B91}.Release|x86.Build.0 = Release|Any CPU
		{8FB73D96-19C1-4354-B31A-E0BB51F4E60A}.Debug|Any CPU.ActiveCfg = Debug|Any CPU
		{8FB73D96-19C1-4354-B31A-E0BB51F4E60A}.Debug|Any CPU.Build.0 = Debug|Any CPU
		{8FB73D96-19C1-4354-B31A-E0BB51F4E60A}.Debug|ARM.ActiveCfg = Debug|Any CPU
		{8FB73D96-19C1-4354-B31A-E0BB51F4E60A}.Debug|ARM.Build.0 = Debug|Any CPU
		{8FB73D96-19C1-4354-B31A-E0BB51F4E60A}.Debug|x64.ActiveCfg = Debug|Any CPU
		{8FB73D96-19C1-4354-B31A-E0BB51F4E60A}.Debug|x64.Build.0 = Debug|Any CPU
		{8FB73D96-19C1-4354-B31A-E0BB51F4E60A}.Debug|x86.ActiveCfg = Debug|Any CPU
		{8FB73D96-19C1-4354-B31A-E0BB51F4E60A}.Debug|x86.Build.0 = Debug|Any CPU
		{8FB73D96-19C1-4354-B31A-E0BB51F4E60A}.Release|Any CPU.ActiveCfg = Release|Any CPU
		{8FB73D96-19C1-4354-B31A-E0BB51F4E60A}.Release|Any CPU.Build.0 = Release|Any CPU
		{8FB73D96-19C1-4354-B31A-E0BB51F4E60A}.Release|ARM.ActiveCfg = Release|Any CPU
		{8FB73D96-19C1-4354-B31A-E0BB51F4E60A}.Release|ARM.Build.0 = Release|Any CPU
		{8FB73D96-19C1-4354-B31A-E0BB51F4E60A}.Release|x64.ActiveCfg = Release|Any CPU
		{8FB73D96-19C1-4354-B31A-E0BB51F4E60A}.Release|x64.Build.0 = Release|Any CPU
		{8FB73D96-19C1-4354-B31A-E0BB51F4E60A}.Release|x86.ActiveCfg = Release|Any CPU
		{8FB73D96-19C1-4354-B31A-E0BB51F4E60A}.Release|x86.Build.0 = Release|Any CPU
		{E0124008-8372-4E8D-AA62-F66F268E5D89}.Debug|Any CPU.ActiveCfg = Debug|Any CPU
		{E0124008-8372-4E8D-AA62-F66F268E5D89}.Debug|Any CPU.Build.0 = Debug|Any CPU
		{E0124008-8372-4E8D-AA62-F66F268E5D89}.Debug|ARM.ActiveCfg = Debug|Any CPU
		{E0124008-8372-4E8D-AA62-F66F268E5D89}.Debug|ARM.Build.0 = Debug|Any CPU
		{E0124008-8372-4E8D-AA62-F66F268E5D89}.Debug|x64.ActiveCfg = Debug|Any CPU
		{E0124008-8372-4E8D-AA62-F66F268E5D89}.Debug|x64.Build.0 = Debug|Any CPU
		{E0124008-8372-4E8D-AA62-F66F268E5D89}.Debug|x86.ActiveCfg = Debug|Any CPU
		{E0124008-8372-4E8D-AA62-F66F268E5D89}.Debug|x86.Build.0 = Debug|Any CPU
		{E0124008-8372-4E8D-AA62-F66F268E5D89}.Release|Any CPU.ActiveCfg = Release|Any CPU
		{E0124008-8372-4E8D-AA62-F66F268E5D89}.Release|Any CPU.Build.0 = Release|Any CPU
		{E0124008-8372-4E8D-AA62-F66F268E5D89}.Release|ARM.ActiveCfg = Release|Any CPU
		{E0124008-8372-4E8D-AA62-F66F268E5D89}.Release|ARM.Build.0 = Release|Any CPU
		{E0124008-8372-4E8D-AA62-F66F268E5D89}.Release|x64.ActiveCfg = Release|Any CPU
		{E0124008-8372-4E8D-AA62-F66F268E5D89}.Release|x64.Build.0 = Release|Any CPU
		{E0124008-8372-4E8D-AA62-F66F268E5D89}.Release|x86.ActiveCfg = Release|Any CPU
		{E0124008-8372-4E8D-AA62-F66F268E5D89}.Release|x86.Build.0 = Release|Any CPU
		{1752C00D-5D33-419C-8EC5-0C6F192B4685}.Debug|Any CPU.ActiveCfg = Debug|Any CPU
		{1752C00D-5D33-419C-8EC5-0C6F192B4685}.Debug|Any CPU.Build.0 = Debug|Any CPU
		{1752C00D-5D33-419C-8EC5-0C6F192B4685}.Debug|ARM.ActiveCfg = Debug|ARM
		{1752C00D-5D33-419C-8EC5-0C6F192B4685}.Debug|ARM.Build.0 = Debug|ARM
		{1752C00D-5D33-419C-8EC5-0C6F192B4685}.Debug|x64.ActiveCfg = Debug|x64
		{1752C00D-5D33-419C-8EC5-0C6F192B4685}.Debug|x64.Build.0 = Debug|x64
		{1752C00D-5D33-419C-8EC5-0C6F192B4685}.Debug|x86.ActiveCfg = Debug|x86
		{1752C00D-5D33-419C-8EC5-0C6F192B4685}.Debug|x86.Build.0 = Debug|x86
		{1752C00D-5D33-419C-8EC5-0C6F192B4685}.Release|Any CPU.ActiveCfg = Release|Any CPU
		{1752C00D-5D33-419C-8EC5-0C6F192B4685}.Release|Any CPU.Build.0 = Release|Any CPU
		{1752C00D-5D33-419C-8EC5-0C6F192B4685}.Release|ARM.ActiveCfg = Release|ARM
		{1752C00D-5D33-419C-8EC5-0C6F192B4685}.Release|ARM.Build.0 = Release|ARM
		{1752C00D-5D33-419C-8EC5-0C6F192B4685}.Release|x64.ActiveCfg = Release|x64
		{1752C00D-5D33-419C-8EC5-0C6F192B4685}.Release|x64.Build.0 = Release|x64
		{1752C00D-5D33-419C-8EC5-0C6F192B4685}.Release|x86.ActiveCfg = Release|x86
		{1752C00D-5D33-419C-8EC5-0C6F192B4685}.Release|x86.Build.0 = Release|x86
		{B68E4055-F330-43A2-91AF-B107670A4D37}.Debug|Any CPU.ActiveCfg = Debug|x86
		{B68E4055-F330-43A2-91AF-B107670A4D37}.Debug|ARM.ActiveCfg = Debug|ARM
		{B68E4055-F330-43A2-91AF-B107670A4D37}.Debug|ARM.Build.0 = Debug|ARM
		{B68E4055-F330-43A2-91AF-B107670A4D37}.Debug|ARM.Deploy.0 = Debug|ARM
		{B68E4055-F330-43A2-91AF-B107670A4D37}.Debug|x64.ActiveCfg = Debug|x64
		{B68E4055-F330-43A2-91AF-B107670A4D37}.Debug|x64.Build.0 = Debug|x64
		{B68E4055-F330-43A2-91AF-B107670A4D37}.Debug|x64.Deploy.0 = Debug|x64
		{B68E4055-F330-43A2-91AF-B107670A4D37}.Debug|x86.ActiveCfg = Debug|x86
		{B68E4055-F330-43A2-91AF-B107670A4D37}.Debug|x86.Build.0 = Debug|x86
		{B68E4055-F330-43A2-91AF-B107670A4D37}.Debug|x86.Deploy.0 = Debug|x86
		{B68E4055-F330-43A2-91AF-B107670A4D37}.Release|Any CPU.ActiveCfg = Release|x86
		{B68E4055-F330-43A2-91AF-B107670A4D37}.Release|ARM.ActiveCfg = Release|ARM
		{B68E4055-F330-43A2-91AF-B107670A4D37}.Release|ARM.Build.0 = Release|ARM
		{B68E4055-F330-43A2-91AF-B107670A4D37}.Release|ARM.Deploy.0 = Release|ARM
		{B68E4055-F330-43A2-91AF-B107670A4D37}.Release|x64.ActiveCfg = Release|x64
		{B68E4055-F330-43A2-91AF-B107670A4D37}.Release|x64.Build.0 = Release|x64
		{B68E4055-F330-43A2-91AF-B107670A4D37}.Release|x64.Deploy.0 = Release|x64
		{B68E4055-F330-43A2-91AF-B107670A4D37}.Release|x86.ActiveCfg = Release|x86
		{B68E4055-F330-43A2-91AF-B107670A4D37}.Release|x86.Build.0 = Release|x86
		{B68E4055-F330-43A2-91AF-B107670A4D37}.Release|x86.Deploy.0 = Release|x86
		{8752A0C6-5500-4A4E-8CF8-8ABBE2BF5DFE}.Debug|Any CPU.ActiveCfg = Debug|x86
		{8752A0C6-5500-4A4E-8CF8-8ABBE2BF5DFE}.Debug|ARM.ActiveCfg = Debug|ARM
		{8752A0C6-5500-4A4E-8CF8-8ABBE2BF5DFE}.Debug|ARM.Build.0 = Debug|ARM
		{8752A0C6-5500-4A4E-8CF8-8ABBE2BF5DFE}.Debug|ARM.Deploy.0 = Debug|ARM
		{8752A0C6-5500-4A4E-8CF8-8ABBE2BF5DFE}.Debug|x64.ActiveCfg = Debug|x64
		{8752A0C6-5500-4A4E-8CF8-8ABBE2BF5DFE}.Debug|x64.Build.0 = Debug|x64
		{8752A0C6-5500-4A4E-8CF8-8ABBE2BF5DFE}.Debug|x64.Deploy.0 = Debug|x64
		{8752A0C6-5500-4A4E-8CF8-8ABBE2BF5DFE}.Debug|x86.ActiveCfg = Debug|x86
		{8752A0C6-5500-4A4E-8CF8-8ABBE2BF5DFE}.Debug|x86.Build.0 = Debug|x86
		{8752A0C6-5500-4A4E-8CF8-8ABBE2BF5DFE}.Debug|x86.Deploy.0 = Debug|x86
		{8752A0C6-5500-4A4E-8CF8-8ABBE2BF5DFE}.Release|Any CPU.ActiveCfg = Release|x86
		{8752A0C6-5500-4A4E-8CF8-8ABBE2BF5DFE}.Release|ARM.ActiveCfg = Release|ARM
		{8752A0C6-5500-4A4E-8CF8-8ABBE2BF5DFE}.Release|ARM.Build.0 = Release|ARM
		{8752A0C6-5500-4A4E-8CF8-8ABBE2BF5DFE}.Release|ARM.Deploy.0 = Release|ARM
		{8752A0C6-5500-4A4E-8CF8-8ABBE2BF5DFE}.Release|x64.ActiveCfg = Release|x64
		{8752A0C6-5500-4A4E-8CF8-8ABBE2BF5DFE}.Release|x64.Build.0 = Release|x64
		{8752A0C6-5500-4A4E-8CF8-8ABBE2BF5DFE}.Release|x64.Deploy.0 = Release|x64
		{8752A0C6-5500-4A4E-8CF8-8ABBE2BF5DFE}.Release|x86.ActiveCfg = Release|x86
		{8752A0C6-5500-4A4E-8CF8-8ABBE2BF5DFE}.Release|x86.Build.0 = Release|x86
		{8752A0C6-5500-4A4E-8CF8-8ABBE2BF5DFE}.Release|x86.Deploy.0 = Release|x86
	EndGlobalSection
	GlobalSection(SolutionProperties) = preSolution
		HideSolutionNode = FALSE
	EndGlobalSection
	GlobalSection(NestedProjects) = preSolution
		{D879EF40-14A5-411C-B24E-F0089D52244F} = {ECD1199D-7A2D-444E-A6BA-5A1C22FC3686}
		{769E80DB-A46B-473A-962E-4D74C9F9CE12} = {13E77EF9-B816-43BD-8E8D-723A53823F5F}
		{E40358EF-CCCE-4BD3-8B7D-7C9D8A525A07} = {13E77EF9-B816-43BD-8E8D-723A53823F5F}
		{96B6DD59-34D6-4C33-8AF1-2E770ECD24E1} = {ECD1199D-7A2D-444E-A6BA-5A1C22FC3686}
		{6272B2DE-FA0C-40C9-9B61-666370F96B91} = {666A06C0-89D8-4A20-8461-4A5184B2860D}
		{8FB73D96-19C1-4354-B31A-E0BB51F4E60A} = {A42B333F-7794-4882-A124-0F681F9E50F0}
		{E0124008-8372-4E8D-AA62-F66F268E5D89} = {A42B333F-7794-4882-A124-0F681F9E50F0}
		{A42B333F-7794-4882-A124-0F681F9E50F0} = {666A06C0-89D8-4A20-8461-4A5184B2860D}
		{13E77EF9-B816-43BD-8E8D-723A53823F5F} = {666A06C0-89D8-4A20-8461-4A5184B2860D}
		{1752C00D-5D33-419C-8EC5-0C6F192B4685} = {B9DCD1C5-69EA-4A9E-B1F1-704D4B968F45}
		{B68E4055-F330-43A2-91AF-B107670A4D37} = {B9DCD1C5-69EA-4A9E-B1F1-704D4B968F45}
		{8752A0C6-5500-4A4E-8CF8-8ABBE2BF5DFE} = {B9DCD1C5-69EA-4A9E-B1F1-704D4B968F45}
	EndGlobalSection
EndGlobal
